
Microsoft Visual Studio Solution File, Format Version 12.00
# Visual Studio Version 16
VisualStudioVersion = 16.0.30907.101
MinimumVisualStudioVersion = 10.0.40219.1
Project("{888888A0-9F3D-457C-B088-3A5042F75D52}") = "api-env", "api-env.pyproj", "{F7A14848-C70B-4082-ADE1-E75F5B4DDB59}"
EndProject
Global
	GlobalSection(SolutionConfigurationPlatforms) = preSolution
		Debug|Any CPU = Debug|Any CPU
		Release|Any CPU = Release|Any CPU
	EndGlobalSection
	GlobalSection(ProjectConfigurationPlatforms) = postSolution
		{F7A14848-C70B-4082-ADE1-E75F5B4DDB59}.Debug|Any CPU.ActiveCfg = Debug|Any CPU
		{F7A14848-C70B-4082-ADE1-E75F5B4DDB59}.Debug|Any CPU.Build.0 = Debug|Any CPU
		{F7A14848-C70B-4082-ADE1-E75F5B4DDB59}.Release|Any CPU.ActiveCfg = Release|Any CPU
		{F7A14848-C70B-4082-ADE1-E75F5B4DDB59}.Release|Any CPU.Build.0 = Release|Any CPU
	EndGlobalSection
	GlobalSection(SolutionProperties) = preSolution
		HideSolutionNode = FALSE
	EndGlobalSection
	GlobalSection(ExtensibilityGlobals) = postSolution
		SolutionGuid = {91A24E8A-E1E3-485C-821E-02C78AE56142}
	EndGlobalSection
EndGlobal
